// !$*UTF8*$!
{
	archiveVersion = 1;
	classes = {
	};
	objectVersion = 46;
	objects = {

/* Begin PBXBuildFile section */
		D89F4E041C04A4E8007C0EC7 /* Memory.swift in Sources */ = {isa = PBXBuildFile; fileRef = D89F4E031C04A4E8007C0EC7 /* Memory.swift */; settings = {ASSET_TAGS = (); }; };
		D89F4E061C04B26E007C0EC7 /* LineChart.swift in Sources */ = {isa = PBXBuildFile; fileRef = D89F4E051C04B26E007C0EC7 /* LineChart.swift */; settings = {ASSET_TAGS = (); }; };
		D8D7E43D1C049C7A0086CE85 /* AppDelegate.swift in Sources */ = {isa = PBXBuildFile; fileRef = D8D7E43C1C049C7A0086CE85 /* AppDelegate.swift */; };
		D8D7E43F1C049C7A0086CE85 /* ViewController.swift in Sources */ = {isa = PBXBuildFile; fileRef = D8D7E43E1C049C7A0086CE85 /* ViewController.swift */; };
		D8D7E4421C049C7A0086CE85 /* Main.storyboard in Resources */ = {isa = PBXBuildFile; fileRef = D8D7E4401C049C7A0086CE85 /* Main.storyboard */; };
		D8D7E4441C049C7A0086CE85 /* Assets.xcassets in Resources */ = {isa = PBXBuildFile; fileRef = D8D7E4431C049C7A0086CE85 /* Assets.xcassets */; };
		D8D7E4471C049C7A0086CE85 /* LaunchScreen.storyboard in Resources */ = {isa = PBXBuildFile; fileRef = D8D7E4451C049C7A0086CE85 /* LaunchScreen.storyboard */; };
		D8D7E4521C049C7A0086CE85 /* RealtimeGraphTests.swift in Sources */ = {isa = PBXBuildFile; fileRef = D8D7E4511C049C7A0086CE85 /* RealtimeGraphTests.swift */; };
		D8D7E45D1C049C7A0086CE85 /* RealtimeGraphUITests.swift in Sources */ = {isa = PBXBuildFile; fileRef = D8D7E45C1C049C7A0086CE85 /* RealtimeGraphUITests.swift */; };
/* End PBXBuildFile section */

/* Begin PBXContainerItemProxy section */
		D8D7E44E1C049C7A0086CE85 /* PBXContainerItemProxy */ = {
			isa = PBXContainerItemProxy;
			containerPortal = D8D7E4311C049C790086CE85 /* Project object */;
			proxyType = 1;
			remoteGlobalIDString = D8D7E4381C049C790086CE85;
			remoteInfo = RealtimeGraph;
		};
		D8D7E4591C049C7A0086CE85 /* PBXContainerItemProxy */ = {
			isa = PBXContainerItemProxy;
			containerPortal = D8D7E4311C049C790086CE85 /* Project object */;
			proxyType = 1;
			remoteGlobalIDString = D8D7E4381C049C790086CE85;
			remoteInfo = RealtimeGraph;
		};
/* End PBXContainerItemProxy section */

/* Begin PBXFileReference section */
		D89F4E031C04A4E8007C0EC7 /* Memory.swift */ = {isa = PBXFileReference; fileEncoding = 4; lastKnownFileType = sourcecode.swift; path = Memory.swift; sourceTree = "<group>"; };
		D89F4E051C04B26E007C0EC7 /* LineChart.swift */ = {isa = PBXFileReference; fileEncoding = 4; lastKnownFileType = sourcecode.swift; path = LineChart.swift; sourceTree = "<group>"; };
		D8D7E4391C049C790086CE85 /* RealtimeGraph.app */ = {isa = PBXFileReference; explicitFileType = wrapper.application; includeInIndex = 0; path = RealtimeGraph.app; sourceTree = BUILT_PRODUCTS_DIR; };
		D8D7E43C1C049C7A0086CE85 /* AppDelegate.swift */ = {isa = PBXFileReference; lastKnownFileType = sourcecode.swift; path = AppDelegate.swift; sourceTree = "<group>"; };
		D8D7E43E1C049C7A0086CE85 /* ViewController.swift */ = {isa = PBXFileReference; lastKnownFileType = sourcecode.swift; path = ViewController.swift; sourceTree = "<group>"; };
		D8D7E4411C049C7A0086CE85 /* Base */ = {isa = PBXFileReference; lastKnownFileType = file.storyboard; name = Base; path = Base.lproj/Main.storyboard; sourceTree = "<group>"; };
		D8D7E4431C049C7A0086CE85 /* Assets.xcassets */ = {isa = PBXFileReference; lastKnownFileType = folder.assetcatalog; path = Assets.xcassets; sourceTree = "<group>"; };
		D8D7E4461C049C7A0086CE85 /* Base */ = {isa = PBXFileReference; lastKnownFileType = file.storyboard; name = Base; path = Base.lproj/LaunchScreen.storyboard; sourceTree = "<group>"; };
		D8D7E4481C049C7A0086CE85 /* Info.plist */ = {isa = PBXFileReference; lastKnownFileType = text.plist.xml; path = Info.plist; sourceTree = "<group>"; };
		D8D7E44D1C049C7A0086CE85 /* RealtimeGraphTests.xctest */ = {isa = PBXFileReference; explicitFileType = wrapper.cfbundle; includeInIndex = 0; path = RealtimeGraphTests.xctest; sourceTree = BUILT_PRODUCTS_DIR; };
		D8D7E4511C049C7A0086CE85 /* RealtimeGraphTests.swift */ = {isa = PBXFileReference; lastKnownFileType = sourcecode.swift; path = RealtimeGraphTests.swift; sourceTree = "<group>"; };
		D8D7E4531C049C7A0086CE85 /* Info.plist */ = {isa = PBXFileReference; lastKnownFileType = text.plist.xml; path = Info.plist; sourceTree = "<group>"; };
		D8D7E4581C049C7A0086CE85 /* RealtimeGraphUITests.xctest */ = {isa = PBXFileReference; explicitFileType = wrapper.cfbundle; includeInIndex = 0; path = RealtimeGraphUITests.xctest; sourceTree = BUILT_PRODUCTS_DIR; };
		D8D7E45C1C049C7A0086CE85 /* RealtimeGraphUITests.swift */ = {isa = PBXFileReference; lastKnownFileType = sourcecode.swift; path = RealtimeGraphUITests.swift; sourceTree = "<group>"; };
		D8D7E45E1C049C7A0086CE85 /* Info.plist */ = {isa = PBXFileReference; lastKnownFileType = text.plist.xml; path = Info.plist; sourceTree = "<group>"; };
/* End PBXFileReference section */

/* Begin PBXFrameworksBuildPhase section */
		D8D7E4361C049C790086CE85 /* Frameworks */ = {
			isa = PBXFrameworksBuildPhase;
			buildActionMask = 2147483647;
			files = (
			);
			runOnlyForDeploymentPostprocessing = 0;
		};
		D8D7E44A1C049C7A0086CE85 /* Frameworks */ = {
			isa = PBXFrameworksBuildPhase;
			buildActionMask = 2147483647;
			files = (
			);
			runOnlyForDeploymentPostprocessing = 0;
		};
		D8D7E4551C049C7A0086CE85 /* Frameworks */ = {
			isa = PBXFrameworksBuildPhase;
			buildActionMask = 2147483647;
			files = (
			);
			runOnlyForDeploymentPostprocessing = 0;
		};
/* End PBXFrameworksBuildPhase section */

/* Begin PBXGroup section */
		D8D7E4301C049C790086CE85 = {
			isa = PBXGroup;
			children = (
				D8D7E43B1C049C790086CE85 /* RealtimeGraph */,
				D8D7E4501C049C7A0086CE85 /* RealtimeGraphTests */,
				D8D7E45B1C049C7A0086CE85 /* RealtimeGraphUITests */,
				D8D7E43A1C049C790086CE85 /* Products */,
			);
			sourceTree = "<group>";
		};
		D8D7E43A1C049C790086CE85 /* Products */ = {
			isa = PBXGroup;
			children = (
				D8D7E4391C049C790086CE85 /* RealtimeGraph.app */,
				D8D7E44D1C049C7A0086CE85 /* RealtimeGraphTests.xctest */,
				D8D7E4581C049C7A0086CE85 /* RealtimeGraphUITests.xctest */,
			);
			name = Products;
			sourceTree = "<group>";
		};
		D8D7E43B1C049C790086CE85 /* RealtimeGraph */ = {
			isa = PBXGroup;
			children = (
				D89F4E051C04B26E007C0EC7 /* LineChart.swift */,
				D8D7E43C1C049C7A0086CE85 /* AppDelegate.swift */,
				D8D7E43E1C049C7A0086CE85 /* ViewController.swift */,
				D8D7E4401C049C7A0086CE85 /* Main.storyboard */,
				D8D7E4431C049C7A0086CE85 /* Assets.xcassets */,
				D8D7E4451C049C7A0086CE85 /* LaunchScreen.storyboard */,
				D8D7E4481C049C7A0086CE85 /* Info.plist */,
				D89F4E031C04A4E8007C0EC7 /* Memory.swift */,
			);
			path = RealtimeGraph;
			sourceTree = "<group>";
		};
		D8D7E4501C049C7A0086CE85 /* RealtimeGraphTests */ = {
			isa = PBXGroup;
			children = (
				D8D7E4511C049C7A0086CE85 /* RealtimeGraphTests.swift */,
				D8D7E4531C049C7A0086CE85 /* Info.plist */,
			);
			path = RealtimeGraphTests;
			sourceTree = "<group>";
		};
		D8D7E45B1C049C7A0086CE85 /* RealtimeGraphUITests */ = {
			isa = PBXGroup;
			children = (
				D8D7E45C1C049C7A0086CE85 /* RealtimeGraphUITests.swift */,
				D8D7E45E1C049C7A0086CE85 /* Info.plist */,
			);
			path = RealtimeGraphUITests;
			sourceTree = "<group>";
		};
/* End PBXGroup section */

/* Begin PBXNativeTarget section */
		D8D7E4381C049C790086CE85 /* RealtimeGraph */ = {
			isa = PBXNativeTarget;
			buildConfigurationList = D8D7E4611C049C7A0086CE85 /* Build configuration list for PBXNativeTarget "RealtimeGraph" */;
			buildPhases = (
				D8D7E4351C049C790086CE85 /* Sources */,
				D8D7E4361C049C790086CE85 /* Frameworks */,
				D8D7E4371C049C790086CE85 /* Resources */,
			);
			buildRules = (
			);
			dependencies = (
			);
			name = RealtimeGraph;
			productName = RealtimeGraph;
			productReference = D8D7E4391C049C790086CE85 /* RealtimeGraph.app */;
			productType = "com.apple.product-type.application";
		};
		D8D7E44C1C049C7A0086CE85 /* RealtimeGraphTests */ = {
			isa = PBXNativeTarget;
			buildConfigurationList = D8D7E4641C049C7A0086CE85 /* Build configuration list for PBXNativeTarget "RealtimeGraphTests" */;
			buildPhases = (
				D8D7E4491C049C7A0086CE85 /* Sources */,
				D8D7E44A1C049C7A0086CE85 /* Frameworks */,
				D8D7E44B1C049C7A0086CE85 /* Resources */,
			);
			buildRules = (
			);
			dependencies = (
				D8D7E44F1C049C7A0086CE85 /* PBXTargetDependency */,
			);
			name = RealtimeGraphTests;
			productName = RealtimeGraphTests;
			productReference = D8D7E44D1C049C7A0086CE85 /* RealtimeGraphTests.xctest */;
			productType = "com.apple.product-type.bundle.unit-test";
		};
		D8D7E4571C049C7A0086CE85 /* RealtimeGraphUITests */ = {
			isa = PBXNativeTarget;
			buildConfigurationList = D8D7E4671C049C7A0086CE85 /* Build configuration list for PBXNativeTarget "RealtimeGraphUITests" */;
			buildPhases = (
				D8D7E4541C049C7A0086CE85 /* Sources */,
				D8D7E4551C049C7A0086CE85 /* Frameworks */,
				D8D7E4561C049C7A0086CE85 /* Resources */,
			);
			buildRules = (
			);
			dependencies = (
				D8D7E45A1C049C7A0086CE85 /* PBXTargetDependency */,
			);
			name = RealtimeGraphUITests;
			productName = RealtimeGraphUITests;
			productReference = D8D7E4581C049C7A0086CE85 /* RealtimeGraphUITests.xctest */;
			productType = "com.apple.product-type.bundle.ui-testing";
		};
/* End PBXNativeTarget section */

/* Begin PBXProject section */
		D8D7E4311C049C790086CE85 /* Project object */ = {
			isa = PBXProject;
			attributes = {
				LastUpgradeCheck = 0700;
				ORGANIZATIONNAME = Bunchhean;
				TargetAttributes = {
					D8D7E4381C049C790086CE85 = {
						CreatedOnToolsVersion = 7.0.1;
						DevelopmentTeam = Y6AWZ4F9EA;
					};
					D8D7E44C1C049C7A0086CE85 = {
						CreatedOnToolsVersion = 7.0.1;
						DevelopmentTeam = Y6AWZ4F9EA;
						TestTargetID = D8D7E4381C049C790086CE85;
					};
					D8D7E4571C049C7A0086CE85 = {
						CreatedOnToolsVersion = 7.0.1;
						DevelopmentTeam = Y6AWZ4F9EA;
						TestTargetID = D8D7E4381C049C790086CE85;
					};
				};
			};
			buildConfigurationList = D8D7E4341C049C790086CE85 /* Build configuration list for PBXProject "RealtimeGraph" */;
			compatibilityVersion = "Xcode 3.2";
			developmentRegion = English;
			hasScannedForEncodings = 0;
			knownRegions = (
				en,
				Base,
			);
			mainGroup = D8D7E4301C049C790086CE85;
			productRefGroup = D8D7E43A1C049C790086CE85 /* Products */;
			projectDirPath = "";
			projectRoot = "";
			targets = (
				D8D7E4381C049C790086CE85 /* RealtimeGraph */,
				D8D7E44C1C049C7A0086CE85 /* RealtimeGraphTests */,
				D8D7E4571C049C7A0086CE85 /* RealtimeGraphUITests */,
			);
		};
/* End PBXProject section */

/* Begin PBXResourcesBuildPhase section */
		D8D7E4371C049C790086CE85 /* Resources */ = {
			isa = PBXResourcesBuildPhase;
			buildActionMask = 2147483647;
			files = (
				D8D7E4471C049C7A0086CE85 /* LaunchScreen.storyboard in Resources */,
				D8D7E4441C049C7A0086CE85 /* Assets.xcassets in Resources */,
				D8D7E4421C049C7A0086CE85 /* Main.storyboard in Resources */,
			);
			runOnlyForDeploymentPostprocessing = 0;
		};
		D8D7E44B1C049C7A0086CE85 /* Resources */ = {
			isa = PBXResourcesBuildPhase;
			buildActionMask = 2147483647;
			files = (
			);
			runOnlyForDeploymentPostprocessing = 0;
		};
		D8D7E4561C049C7A0086CE85 /* Resources */ = {
			isa = PBXResourcesBuildPhase;
			buildActionMask = 2147483647;
			files = (
			);
			runOnlyForDeploymentPostprocessing = 0;
		};
/* End PBXResourcesBuildPhase section */

/* Begin PBXSourcesBuildPhase section */
		D8D7E4351C049C790086CE85 /* Sources */ = {
			isa = PBXSourcesBuildPhase;
			buildActionMask = 2147483647;
			files = (
				D89F4E061C04B26E007C0EC7 /* LineChart.swift in Sources */,
				D89F4E041C04A4E8007C0EC7 /* Memory.swift in Sources */,
				D8D7E43F1C049C7A0086CE85 /* ViewController.swift in Sources */,
				D8D7E43D1C049C7A0086CE85 /* AppDelegate.swift in Sources */,
			);
			runOnlyForDeploymentPostprocessing = 0;
		};
		D8D7E4491C049C7A0086CE85 /* Sources */ = {
			isa = PBXSourcesBuildPhase;
			buildActionMask = 2147483647;
			files = (
				D8D7E4521C049C7A0086CE85 /* RealtimeGraphTests.swift in Sources */,
			);
			runOnlyForDeploymentPostprocessing = 0;
		};
		D8D7E4541C049C7A0086CE85 /* Sources */ = {
			isa = PBXSourcesBuildPhase;
			buildActionMask = 2147483647;
			files = (
				D8D7E45D1C049C7A0086CE85 /* RealtimeGraphUITests.swift in Sources */,
			);
			runOnlyForDeploymentPostprocessing = 0;
		};
/* End PBXSourcesBuildPhase section */

/* Begin PBXTargetDependency section */
		D8D7E44F1C049C7A0086CE85 /* PBXTargetDependency */ = {
			isa = PBXTargetDependency;
			target = D8D7E4381C049C790086CE85 /* RealtimeGraph */;
			targetProxy = D8D7E44E1C049C7A0086CE85 /* PBXContainerItemProxy */;
		};
		D8D7E45A1C049C7A0086CE85 /* PBXTargetDependency */ = {
			isa = PBXTargetDependency;
			target = D8D7E4381C049C790086CE85 /* RealtimeGraph */;
			targetProxy = D8D7E4591C049C7A0086CE85 /* PBXContainerItemProxy */;
		};
/* End PBXTargetDependency section */

/* Begin PBXVariantGroup section */
		D8D7E4401C049C7A0086CE85 /* Main.storyboard */ = {
			isa = PBXVariantGroup;
			children = (
				D8D7E4411C049C7A0086CE85 /* Base */,
			);
			name = Main.storyboard;
			sourceTree = "<group>";
		};
		D8D7E4451C049C7A0086CE85 /* LaunchScreen.storyboard */ = {
			isa = PBXVariantGroup;
			children = (
				D8D7E4461C049C7A0086CE85 /* Base */,
			);
			name = LaunchScreen.storyboard;
			sourceTree = "<group>";
		};
/* End PBXVariantGroup section */

/* Begin XCBuildConfiguration section */
		D8D7E45F1C049C7A0086CE85 /* Debug */ = {
			isa = XCBuildConfiguration;
			buildSettings = {
				ALWAYS_SEARCH_USER_PATHS = NO;
				CLANG_CXX_LANGUAGE_STANDARD = "gnu++0x";
				CLANG_CXX_LIBRARY = "libc++";
				CLANG_ENABLE_MODULES = YES;
				CLANG_ENABLE_OBJC_ARC = YES;
				CLANG_WARN_BOOL_CONVERSION = YES;
				CLANG_WARN_CONSTANT_CONVERSION = YES;
				CLANG_WARN_DIRECT_OBJC_ISA_USAGE = YES_ERROR;
				CLANG_WARN_EMPTY_BODY = YES;
				CLANG_WARN_ENUM_CONVERSION = YES;
				CLANG_WARN_INT_CONVERSION = YES;
				CLANG_WARN_OBJC_ROOT_CLASS = YES_ERROR;
				CLANG_WARN_UNREACHABLE_CODE = YES;
				CLANG_WARN__DUPLICATE_METHOD_MATCH = YES;
				"CODE_SIGN_IDENTITY[sdk=iphoneos*]" = "iPhone Developer";
				COPY_PHASE_STRIP = NO;
				DEBUG_INFORMATION_FORMAT = dwarf;
				ENABLE_STRICT_OBJC_MSGSEND = YES;
				ENABLE_TESTABILITY = YES;
				GCC_C_LANGUAGE_STANDARD = gnu99;
				GCC_DYNAMIC_NO_PIC = NO;
				GCC_NO_COMMON_BLOCKS = YES;
				GCC_OPTIMIZATION_LEVEL = 0;
				GCC_PREPROCESSOR_DEFINITIONS = (
					"DEBUG=1",
					"$(inherited)",
				);
				GCC_WARN_64_TO_32_BIT_CONVERSION = YES;
				GCC_WARN_ABOUT_RETURN_TYPE = YES_ERROR;
				GCC_WARN_UNDECLARED_SELECTOR = YES;
				GCC_WARN_UNINITIALIZED_AUTOS = YES_AGGRESSIVE;
				GCC_WARN_UNUSED_FUNCTION = YES;
				GCC_WARN_UNUSED_VARIABLE = YES;
				IPHONEOS_DEPLOYMENT_TARGET = 9.0;
				MTL_ENABLE_DEBUG_INFO = YES;
				ONLY_ACTIVE_ARCH = YES;
				SDKROOT = iphoneos;
				SWIFT_OPTIMIZATION_LEVEL = "-Onone";
			};
			name = Debug;
		};
		D8D7E4601C049C7A0086CE85 /* Release */ = {
			isa = XCBuildConfiguration;
			buildSettings = {
				ALWAYS_SEARCH_USER_PATHS = NO;
				CLANG_CXX_LANGUAGE_STANDARD = "gnu++0x";
				CLANG_CXX_LIBRARY = "libc++";
				CLANG_ENABLE_MODULES = YES;
				CLANG_ENABLE_OBJC_ARC = YES;
				CLANG_WARN_BOOL_CONVERSION = YES;
				CLANG_WARN_CONSTANT_CONVERSION = YES;
				CLANG_WARN_DIRECT_OBJC_ISA_USAGE = YES_ERROR;
				CLANG_WARN_EMPTY_BODY = YES;
				CLANG_WARN_ENUM_CONVERSION = YES;
				CLANG_WARN_INT_CONVERSION = YES;
				CLANG_WARN_OBJC_ROOT_CLASS = YES_ERROR;
				CLANG_WARN_UNREACHABLE_CODE = YES;
				CLANG_WARN__DUPLICATE_METHOD_MATCH = YES;
				"CODE_SIGN_IDENTITY[sdk=iphoneos*]" = "iPhone Developer";
				COPY_PHASE_STRIP = NO;
				DEBUG_INFORMATION_FORMAT = "dwarf-with-dsym";
				ENABLE_NS_ASSERTIONS = NO;
				ENABLE_STRICT_OBJC_MSGSEND = YES;
				GCC_C_LANGUAGE_STANDARD = gnu99;
				GCC_NO_COMMON_BLOCKS = YES;
				GCC_WARN_64_TO_32_BIT_CONVERSION = YES;
				GCC_WARN_ABOUT_RETURN_TYPE = YES_ERROR;
				GCC_WARN_UNDECLARED_SELECTOR = YES;
				GCC_WARN_UNINITIALIZED_AUTOS = YES_AGGRESSIVE;
				GCC_WARN_UNUSED_FUNCTION = YES;
				GCC_WARN_UNUSED_VARIABLE = YES;
				IPHONEOS_DEPLOYMENT_TARGET = 9.0;
				MTL_ENABLE_DEBUG_INFO = NO;
				SDKROOT = iphoneos;
				VALIDATE_PRODUCT = YES;
			};
			name = Release;
		};
		D8D7E4621C049C7A0086CE85 /* Debug */ = {
			isa = XCBuildConfiguration;
			buildSettings = {
				ASSETCATALOG_COMPILER_APPICON_NAME = AppIcon;
				INFOPLIST_FILE = RealtimeGraph/Info.plist;
				LD_RUNPATH_SEARCH_PATHS = "$(inherited) @executable_path/Frameworks";
				PRODUCT_BUNDLE_IDENTIFIER = com.echhean.RealtimeGraph;
				PRODUCT_NAME = "$(TARGET_NAME)";
			};
			name = Debug;
		};
		D8D7E4631C049C7A0086CE85 /* Release */ = {
			isa = XCBuildConfiguration;
			buildSettings = {
				ASSETCATALOG_COMPILER_APPICON_NAME = AppIcon;
				INFOPLIST_FILE = RealtimeGraph/Info.plist;
				LD_RUNPATH_SEARCH_PATHS = "$(inherited) @executable_path/Frameworks";
				PRODUCT_BUNDLE_IDENTIFIER = com.echhean.RealtimeGraph;
				PRODUCT_NAME = "$(TARGET_NAME)";
			};
			name = Release;
		};
		D8D7E4651C049C7A0086CE85 /* Debug */ = {
			isa = XCBuildConfiguration;
			buildSettings = {
				BUNDLE_LOADER = "$(TEST_HOST)";
				INFOPLIST_FILE = RealtimeGraphTests/Info.plist;
				LD_RUNPATH_SEARCH_PATHS = "$(inherited) @executable_path/Frameworks @loader_path/Frameworks";
				PRODUCT_BUNDLE_IDENTIFIER = com.echhean.RealtimeGraphTests;
				PRODUCT_NAME = "$(TARGET_NAME)";
				TEST_HOST = "$(BUILT_PRODUCTS_DIR)/RealtimeGraph.app/RealtimeGraph";
			};
			name = Debug;
		};
		D8D7E4661C049C7A0086CE85 /* Release */ = {
			isa = XCBuildConfiguration;
			buildSettings = {
				BUNDLE_LOADER = "$(TEST_HOST)";
				INFOPLIST_FILE = RealtimeGraphTests/Info.plist;
				LD_RUNPATH_SEARCH_PATHS = "$(inherited) @executable_path/Frameworks @loader_path/Frameworks";
				PRODUCT_BUNDLE_IDENTIFIER = com.echhean.RealtimeGraphTests;
				PRODUCT_NAME = "$(TARGET_NAME)";
				TEST_HOST = "$(BUILT_PRODUCTS_DIR)/RealtimeGraph.app/RealtimeGraph";
			};
			name = Release;
		};
		D8D7E4681C049C7A0086CE85 /* Debug */ = {
			isa = XCBuildConfiguration;
			buildSettings = {
				INFOPLIST_FILE = RealtimeGraphUITests/Info.plist;
				LD_RUNPATH_SEARCH_PATHS = "$(inherited) @executable_path/Frameworks @loader_path/Frameworks";
				PRODUCT_BUNDLE_IDENTIFIER = com.echhean.RealtimeGraphUITests;
				PRODUCT_NAME = "$(TARGET_NAME)";
				TEST_TARGET_NAME = RealtimeGraph;
				USES_XCTRUNNER = YES;
			};
			name = Debug;
		};
		D8D7E4691C049C7A0086CE85 /* Release */ = {
			isa = XCBuildConfiguration;
			buildSettings = {
				INFOPLIST_FILE = RealtimeGraphUITests/Info.plist;
				LD_RUNPATH_SEARCH_PATHS = "$(inherited) @executable_path/Frameworks @loader_path/Frameworks";
				PRODUCT_BUNDLE_IDENTIFIER = com.echhean.RealtimeGraphUITests;
				PRODUCT_NAME = "$(TARGET_NAME)";
				TEST_TARGET_NAME = RealtimeGraph;
				USES_XCTRUNNER = YES;
			};
			name = Release;
		};
/* End XCBuildConfiguration section */

/* Begin XCConfigurationList section */
		D8D7E4341C049C790086CE85 /* Build configuration list for PBXProject "RealtimeGraph" */ = {
			isa = XCConfigurationList;
			buildConfigurations = (
				D8D7E45F1C049C7A0086CE85 /* Debug */,
				D8D7E4601C049C7A0086CE85 /* Release */,
			);
			defaultConfigurationIsVisible = 0;
			defaultConfigurationName = Release;
		};
		D8D7E4611C049C7A0086CE85 /* Build configuration list for PBXNativeTarget "RealtimeGraph" */ = {
			isa = XCConfigurationList;
			buildConfigurations = (
				D8D7E4621C049C7A0086CE85 /* Debug */,
				D8D7E4631C049C7A0086CE85 /* Release */,
			);
			defaultConfigurationIsVisible = 0;
			defaultConfigurationName = Release;
		};
		D8D7E4641C049C7A0086CE85 /* Build configuration list for PBXNativeTarget "RealtimeGraphTests" */ = {
			isa = XCConfigurationList;
			buildConfigurations = (
				D8D7E4651C049C7A0086CE85 /* Debug */,
				D8D7E4661C049C7A0086CE85 /* Release */,
			);
			defaultConfigurationIsVisible = 0;
			defaultConfigurationName = Release;
		};
		D8D7E4671C049C7A0086CE85 /* Build configuration list for PBXNativeTarget "RealtimeGraphUITests" */ = {
			isa = XCConfigurationList;
			buildConfigurations = (
				D8D7E4681C049C7A0086CE85 /* Debug */,
				D8D7E4691C049C7A0086CE85 /* Release */,
			);
			defaultConfigurationIsVisible = 0;
			defaultConfigurationName = Release;
		};
/* End XCConfigurationList section */
	};
	rootObject = D8D7E4311C049C790086CE85 /* Project object */;
}
